
Microsoft Visual Studio Solution File, Format Version 12.00
# Visual Studio Version 16
VisualStudioVersion = 16.0.30523.141
MinimumVisualStudioVersion = 10.0.40219.1
Project("{FAE04EC0-301F-11D3-BF4B-00C04F79EFBC}") = "CarDatabaseConsoleApp", "CarDatabaseConsoleApp\CarDatabaseConsoleApp.csproj", "{6E9860AC-EA53-431A-8A5D-7D79C399FA47}"
EndProject
Global
	GlobalSection(SolutionConfigurationPlatforms) = preSolution
		Debug|Any CPU = Debug|Any CPU
		Release|Any CPU = Release|Any CPU
	EndGlobalSection
	GlobalSection(ProjectConfigurationPlatforms) = postSolution
		{6E9860AC-EA53-431A-8A5D-7D79C399FA47}.Debug|Any CPU.ActiveCfg = Debug|Any CPU
		{6E9860AC-EA53-431A-8A5D-7D79C399FA47}.Debug|Any CPU.Build.0 = Debug|Any CPU
		{6E9860AC-EA53-431A-8A5D-7D79C399FA47}.Release|Any CPU.ActiveCfg = Release|Any CPU
		{6E9860AC-EA53-431A-8A5D-7D79C399FA47}.Release|Any CPU.Build.0 = Release|Any CPU
	EndGlobalSection
	GlobalSection(SolutionProperties) = preSolution
		HideSolutionNode = FALSE
	EndGlobalSection
	GlobalSection(ExtensibilityGlobals) = postSolution
		SolutionGuid = {F14C51E4-0505-424B-AAD9-158D76FD46A3}
	EndGlobalSection
EndGlobal
